
Microsoft Visual Studio Solution File, Format Version 12.00
# Visual Studio 2012
Project("{FAE04EC0-301F-11D3-BF4B-00C04F79EFBC}") = "PartUtilities", "PartUtilities\PartUtilities.csproj", "{C55A97E7-9D9B-46D0-9121-8A0D80EA76D3}"
EndProject
Global
	GlobalSection(SolutionConfigurationPlatforms) = preSolution
		Debug|Any CPU = Debug|Any CPU
		Release|Any CPU = Release|Any CPU
	EndGlobalSection
	GlobalSection(ProjectConfigurationPlatforms) = postSolution
		{C55A97E7-9D9B-46D0-9121-8A0D80EA76D3}.Debug|Any CPU.ActiveCfg = Debug|Any CPU
		{C55A97E7-9D9B-46D0-9121-8A0D80EA76D3}.Debug|Any CPU.Build.0 = Debug|Any CPU
		{C55A97E7-9D9B-46D0-9121-8A0D80EA76D3}.Release|Any CPU.ActiveCfg = Release|Any CPU
		{C55A97E7-9D9B-46D0-9121-8A0D80EA76D3}.Release|Any CPU.Build.0 = Release|Any CPU
	EndGlobalSection
	GlobalSection(MonoDevelopProperties) = preSolution
		StartupItem = PartUtilities\PartUtilities.csproj
	EndGlobalSection
EndGlobal
